
Microsoft Visual Studio Solution File, Format Version 12.00
# Visual Studio 15
VisualStudioVersion = 15.0.27004.2005
MinimumVisualStudioVersion = 10.0.40219.1
Project("{FAE04EC0-301F-11D3-BF4B-00C04F79EFBC}") = "HAVIR_Windows", "HAVIR_Windows.csproj", "{4216EB8D-C92A-B567-AA07-8400A5A41769}"
EndProject
Project("{FAE04EC0-301F-11D3-BF4B-00C04F79EFBC}") = "HAVIR_Windows.Player", "HAVIR_Windows.Player.csproj", "{805F7ACF-9289-4464-A4BF-E6C17841E82B}"
EndProject
Global
	GlobalSection(SolutionConfigurationPlatforms) = preSolution
		Debug|Any CPU = Debug|Any CPU
		Release|Any CPU = Release|Any CPU
	EndGlobalSection
	GlobalSection(ProjectConfigurationPlatforms) = postSolution
		{4216EB8D-C92A-B567-AA07-8400A5A41769}.Debug|Any CPU.ActiveCfg = Debug|Any CPU
		{4216EB8D-C92A-B567-AA07-8400A5A41769}.Debug|Any CPU.Build.0 = Debug|Any CPU
		{4216EB8D-C92A-B567-AA07-8400A5A41769}.Release|Any CPU.ActiveCfg = Release|Any CPU
		{4216EB8D-C92A-B567-AA07-8400A5A41769}.Release|Any CPU.Build.0 = Release|Any CPU
		{805F7ACF-9289-4464-A4BF-E6C17841E82B}.Debug|Any CPU.ActiveCfg = Debug|Any CPU
		{805F7ACF-9289-4464-A4BF-E6C17841E82B}.Debug|Any CPU.Build.0 = Debug|Any CPU
		{805F7ACF-9289-4464-A4BF-E6C17841E82B}.Release|Any CPU.ActiveCfg = Release|Any CPU
		{805F7ACF-9289-4464-A4BF-E6C17841E82B}.Release|Any CPU.Build.0 = Release|Any CPU
	EndGlobalSection
	GlobalSection(SolutionProperties) = preSolution
		HideSolutionNode = FALSE
	EndGlobalSection
	GlobalSection(ExtensibilityGlobals) = postSolution
		SolutionGuid = {DE0206C0-6E68-482E-AE3C-E2281D60310D}
	EndGlobalSection
EndGlobal
